<?xml version="1.0" encoding="utf-8"?>
<Project ToolsVersion="4.0" xmlns="http://schemas.microsoft.com/developer/msbuild/2003">
  <ItemGroup>
    <Filter Include="Source Files">
      <UniqueIdentifier>{4FC737F1-C7A5-4376-A066-2A32D752A2FF}</UniqueIdentifier>
      <Extensions>cpp;c;cc;cxx;c++;cppm;ixx;def;odl;idl;hpj;bat;asm;asmx</Extensions>
    </Filter>
    <Filter Include="Header Files">
      <UniqueIdentifier>{93995380-89BD-4b04-88EB-625FBE52EBFB}</UniqueIdentifier>
      <Extensions>h;hh;hpp;hxx;h++;hm;inl;inc;ipp;xsd</Extensions>
    </Filter>
    <Filter Include="Resource Files">
      <UniqueIdentifier>{67DA6AB6-F800-4c08-8B7A-83BB121AAD01}</UniqueIdentifier>
      <Extensions>rc;ico;cur;bmp;dlg;rc2;rct;bin;rgs;gif;jpg;jpeg;jpe;resx;tiff;tif;png;wav;mfcribbon-ms</Extensions>
    </Filter>
    <Filter Include="Source Files\Rendering">
      <UniqueIdentifier>{791eaacb-986e-4d1f-924c-ee279900af02}</UniqueIdentifier>
    </Filter>
    <Filter Include="Header Files\Rendering">
      <UniqueIdentifier>{afa6340d-eb7b-423c-9ea6-4206fdf2bdba}</UniqueIdentifier>
    </Filter>
    <Filter Include="Source Files\stb">
      <UniqueIdentifier>{86f28c18-79df-40cc-b9c8-cd116fafbe1e}</UniqueIdentifier>
    </Filter>
    <Filter Include="Header Files\stb">
      <UniqueIdentifier>{783325b8-049f-4f69-8d35-bf2c8915da8e}</UniqueIdentifier>
    </Filter>
    <Filter Include="Source Files\Input">
      <UniqueIdentifier>{98a42660-abb5-4235-b0b7-6bd65967bf37}</UniqueIdentifier>
    </Filter>
  </ItemGroup>
  <ItemGroup>
    <ClCompile Include="OpenGL_Game.cpp">
      <Filter>Source Files</Filter>
    </ClCompile>
    <ClCompile Include="ShaderUtil.cpp">
      <Filter>Source Files\Rendering</Filter>
    </ClCompile>
    <ClCompile Include="Shader.cpp">
      <Filter>Source Files\Rendering</Filter>
    </ClCompile>
    <ClCompile Include="ShaderProgram.cpp">
      <Filter>Source Files\Rendering</Filter>
    </ClCompile>
    <ClCompile Include="stb_image.cpp">
      <Filter>Source Files\stb</Filter>
    </ClCompile>
    <ClCompile Include="Camera.cpp">
      <Filter>Source Files</Filter>
    </ClCompile>
    <ClCompile Include="InputHandler.cpp">
      <Filter>Source Files</Filter>
    </ClCompile>
    <ClCompile Include="TextureUtil.cpp">
      <Filter>Source Files</Filter>
    </ClCompile>
    <ClCompile Include="cgltf.cpp">
      <Filter>Source Files</Filter>
    </ClCompile>
    <ClCompile Include="Mesh.cpp">
      <Filter>Source Files\Rendering</Filter>
    </ClCompile>
    <ClCompile Include="Model.cpp">
      <Filter>Source Files</Filter>
    </ClCompile>
    <ClCompile Include="Quad.cpp">
      <Filter>Source Files</Filter>
    </ClCompile>
    <ClCompile Include="ScreenQuad.cpp">
      <Filter>Source Files</Filter>
    </ClCompile>
    <ClCompile Include="QuadAnimated.cpp">
      <Filter>Source Files</Filter>
    </ClCompile>
    <ClCompile Include="QuadAnimationController.cpp">
      <Filter>Source Files</Filter>
    </ClCompile>
    <ClCompile Include="stb_truetype.cpp">
      <Filter>Source Files</Filter>
    </ClCompile>
    <ClCompile Include="TrueTypeFont.cpp">
      <Filter>Source Files</Filter>
    </ClCompile>
    <ClCompile Include="FontRenderer.cpp">
      <Filter>Source Files</Filter>
    </ClCompile>
    <ClCompile Include="Player.cpp">
      <Filter>Source Files</Filter>
    </ClCompile>
    <ClCompile Include="DialogueBox.cpp">
      <Filter>Source Files</Filter>
    </ClCompile>
    <ClCompile Include="Map.cpp">
      <Filter>Source Files</Filter>
    </ClCompile>
    <ClCompile Include="MapRenderer.cpp">
      <Filter>Source Files</Filter>
    </ClCompile>
    <ClCompile Include="TileManager.cpp">
      <Filter>Source Files</Filter>
    </ClCompile>
    <ClCompile Include="MapScene.cpp">
      <Filter>Source Files</Filter>
    </ClCompile>
    <ClCompile Include="ImGui\backends\imgui_impl_opengl3.cpp">
      <Filter>Source Files</Filter>
    </ClCompile>
    <ClCompile Include="ImGui\backends\imgui_impl_sdl.cpp">
      <Filter>Source Files</Filter>
    </ClCompile>
    <ClCompile Include="ImGui\imgui.cpp">
      <Filter>Source Files</Filter>
    </ClCompile>
    <ClCompile Include="ImGui\imgui_demo.cpp">
      <Filter>Source Files</Filter>
    </ClCompile>
    <ClCompile Include="ImGui\imgui_draw.cpp">
      <Filter>Source Files</Filter>
    </ClCompile>
    <ClCompile Include="ImGui\imgui_tables.cpp">
      <Filter>Source Files</Filter>
    </ClCompile>
    <ClCompile Include="ImGui\imgui_widgets.cpp">
      <Filter>Source Files</Filter>
    </ClCompile>
    <ClCompile Include="SceneManager.cpp">
      <Filter>Source Files</Filter>
    </ClCompile>
    <ClCompile Include="SoLoud\backend\sdl2_static\soloud_sdl2_static.cpp">
      <Filter>Source Files</Filter>
    </ClCompile>
    <ClCompile Include="SoLoud\audiosource\wav\dr_impl.cpp">
      <Filter>Source Files</Filter>
    </ClCompile>
    <ClCompile Include="SoLoud\audiosource\wav\soloud_wav.cpp">
      <Filter>Source Files</Filter>
    </ClCompile>
    <ClCompile Include="SoLoud\audiosource\wav\soloud_wavstream.cpp">
      <Filter>Source Files</Filter>
    </ClCompile>
    <ClCompile Include="SoLoud\audiosource\wav\stb_vorbis.c">
      <Filter>Source Files</Filter>
    </ClCompile>
    <ClCompile Include="SoLoud\backend\sdl\soloud_sdl1.cpp">
      <Filter>Source Files</Filter>
    </ClCompile>
    <ClCompile Include="SoLoud\backend\sdl\soloud_sdl1_dll.c">
      <Filter>Source Files</Filter>
    </ClCompile>
    <ClCompile Include="SoLoud\backend\sdl\soloud_sdl2.cpp">
      <Filter>Source Files</Filter>
    </ClCompile>
    <ClCompile Include="SoLoud\backend\sdl\soloud_sdl2_dll.c">
      <Filter>Source Files</Filter>
    </ClCompile>
    <ClCompile Include="SoLoud\core\soloud.cpp">
      <Filter>Source Files</Filter>
    </ClCompile>
    <ClCompile Include="SoLoud\core\soloud_audiosource.cpp">
      <Filter>Source Files</Filter>
    </ClCompile>
    <ClCompile Include="SoLoud\core\soloud_bus.cpp">
      <Filter>Source Files</Filter>
    </ClCompile>
    <ClCompile Include="SoLoud\core\soloud_core_3d.cpp">
      <Filter>Source Files</Filter>
    </ClCompile>
    <ClCompile Include="SoLoud\core\soloud_core_basicops.cpp">
      <Filter>Source Files</Filter>
    </ClCompile>
    <ClCompile Include="SoLoud\core\soloud_core_faderops.cpp">
      <Filter>Source Files</Filter>
    </ClCompile>
    <ClCompile Include="SoLoud\core\soloud_core_filterops.cpp">
      <Filter>Source Files</Filter>
    </ClCompile>
    <ClCompile Include="SoLoud\core\soloud_core_getters.cpp">
      <Filter>Source Files</Filter>
    </ClCompile>
    <ClCompile Include="SoLoud\core\soloud_core_setters.cpp">
      <Filter>Source Files</Filter>
    </ClCompile>
    <ClCompile Include="SoLoud\core\soloud_core_voicegroup.cpp">
      <Filter>Source Files</Filter>
    </ClCompile>
    <ClCompile Include="SoLoud\core\soloud_core_voiceops.cpp">
      <Filter>Source Files</Filter>
    </ClCompile>
    <ClCompile Include="SoLoud\core\soloud_fader.cpp">
      <Filter>Source Files</Filter>
    </ClCompile>
    <ClCompile Include="SoLoud\core\soloud_fft.cpp">
      <Filter>Source Files</Filter>
    </ClCompile>
    <ClCompile Include="SoLoud\core\soloud_fft_lut.cpp">
      <Filter>Source Files</Filter>
    </ClCompile>
    <ClCompile Include="SoLoud\core\soloud_file.cpp">
      <Filter>Source Files</Filter>
    </ClCompile>
    <ClCompile Include="SoLoud\core\soloud_filter.cpp">
      <Filter>Source Files</Filter>
    </ClCompile>
    <ClCompile Include="SoLoud\core\soloud_misc.cpp">
      <Filter>Source Files</Filter>
    </ClCompile>
    <ClCompile Include="SoLoud\core\soloud_queue.cpp">
      <Filter>Source Files</Filter>
    </ClCompile>
    <ClCompile Include="SoLoud\core\soloud_thread.cpp">
      <Filter>Source Files</Filter>
    </ClCompile>
    <ClCompile Include="MusicManager.cpp">
      <Filter>Source Files</Filter>
    </ClCompile>
    <ClCompile Include="NatGui.cpp">
      <Filter>Source Files</Filter>
    </ClCompile>
    <ClCompile Include="AssetManager.cpp">
      <Filter>Source Files</Filter>
    </ClCompile>
    <ClCompile Include="EventMachine.cpp">
      <Filter>Source Files</Filter>
    </ClCompile>
    <ClCompile Include="EventSource\EventTest.cpp">
      <Filter>Source Files</Filter>
    </ClCompile>
    <ClCompile Include="Particle.cpp">
      <Filter>Source Files</Filter>
    </ClCompile>
    <ClCompile Include="stb_image_write.cpp">
      <Filter>Source Files</Filter>
    </ClCompile>
    <ClCompile Include="DialogueBuilder.cpp">
      <Filter>Source Files</Filter>
    </ClCompile>
    <ClCompile Include="EventSource\EventIntro.cpp">
      <Filter>Source Files</Filter>
    </ClCompile>
    <ClCompile Include="EventSource\EventStartH1.cpp">
      <Filter>Source Files</Filter>
    </ClCompile>
    <ClCompile Include="MenuScene.cpp">
      <Filter>Source Files</Filter>
    </ClCompile>
  </ItemGroup>
  <ItemGroup>
    <ClInclude Include="ShaderUtil.h">
      <Filter>Header Files\Rendering</Filter>
    </ClInclude>
    <ClInclude Include="Shader.h">
      <Filter>Header Files\Rendering</Filter>
    </ClInclude>
    <ClInclude Include="ShaderProgram.h">
      <Filter>Header Files\Rendering</Filter>
    </ClInclude>
    <ClInclude Include="stb_image.h">
      <Filter>Header Files\stb</Filter>
    </ClInclude>
    <ClInclude Include="Camera.h">
      <Filter>Header Files</Filter>
    </ClInclude>
    <ClInclude Include="InputHandler.h">
      <Filter>Header Files</Filter>
    </ClInclude>
    <ClInclude Include="TextureUtil.h">
      <Filter>Header Files</Filter>
    </ClInclude>
    <ClInclude Include="cgltf.h">
      <Filter>Header Files</Filter>
    </ClInclude>
    <ClInclude Include="Mesh.h">
      <Filter>Header Files\Rendering</Filter>
    </ClInclude>
    <ClInclude Include="Model.h">
      <Filter>Header Files</Filter>
    </ClInclude>
    <ClInclude Include="Quad.h">
      <Filter>Header Files</Filter>
    </ClInclude>
    <ClInclude Include="ScreenQuad.h">
      <Filter>Header Files</Filter>
    </ClInclude>
    <ClInclude Include="QuadAnimated.h">
      <Filter>Header Files</Filter>
    </ClInclude>
    <ClInclude Include="QuadAnimationController.h">
      <Filter>Header Files</Filter>
    </ClInclude>
    <ClInclude Include="stb_truetype.h">
      <Filter>Header Files</Filter>
    </ClInclude>
    <ClInclude Include="TrueTypeFont.h">
      <Filter>Header Files</Filter>
    </ClInclude>
    <ClInclude Include="FontRenderer.h">
      <Filter>Header Files</Filter>
    </ClInclude>
    <ClInclude Include="Player.h">
      <Filter>Header Files</Filter>
    </ClInclude>
    <ClInclude Include="WorldEnums.h">
      <Filter>Header Files</Filter>
    </ClInclude>
    <ClInclude Include="DialogueBox.h">
      <Filter>Header Files</Filter>
    </ClInclude>
    <ClInclude Include="Map.h">
      <Filter>Header Files</Filter>
    </ClInclude>
    <ClInclude Include="MapRenderer.h">
      <Filter>Header Files</Filter>
    </ClInclude>
    <ClInclude Include="TileManager.h">
      <Filter>Header Files</Filter>
    </ClInclude>
    <ClInclude Include="Scene.h">
      <Filter>Header Files</Filter>
    </ClInclude>
    <ClInclude Include="MapScene.h">
      <Filter>Header Files</Filter>
    </ClInclude>
    <ClInclude Include="ImGui\include\imconfig.h">
      <Filter>Header Files</Filter>
    </ClInclude>
    <ClInclude Include="ImGui\include\imgui.h">
      <Filter>Header Files</Filter>
    </ClInclude>
    <ClInclude Include="ImGui\include\imgui_impl_opengl3.h">
      <Filter>Header Files</Filter>
    </ClInclude>
    <ClInclude Include="ImGui\include\imgui_impl_sdl.h">
      <Filter>Header Files</Filter>
    </ClInclude>
    <ClInclude Include="ImGui\include\imgui_internal.h">
      <Filter>Header Files</Filter>
    </ClInclude>
    <ClInclude Include="ImGui\include\imstb_rectpack.h">
      <Filter>Header Files</Filter>
    </ClInclude>
    <ClInclude Include="ImGui\include\imstb_textedit.h">
      <Filter>Header Files</Filter>
    </ClInclude>
    <ClInclude Include="ImGui\include\imstb_truetype.h">
      <Filter>Header Files</Filter>
    </ClInclude>
    <ClInclude Include="SceneManager.h">
      <Filter>Header Files</Filter>
    </ClInclude>
    <ClInclude Include="SoLoud\audiosource\wav\dr_flac.h">
      <Filter>Header Files</Filter>
    </ClInclude>
    <ClInclude Include="SoLoud\audiosource\wav\dr_mp3.h">
      <Filter>Header Files</Filter>
    </ClInclude>
    <ClInclude Include="SoLoud\audiosource\wav\dr_wav.h">
      <Filter>Header Files</Filter>
    </ClInclude>
    <ClInclude Include="SoLoud\audiosource\wav\stb_vorbis.h">
      <Filter>Header Files</Filter>
    </ClInclude>
    <ClInclude Include="SoLoud\include\soloud.h">
      <Filter>Header Files</Filter>
    </ClInclude>
    <ClInclude Include="SoLoud\include\soloud_audiosource.h">
      <Filter>Header Files</Filter>
    </ClInclude>
    <ClInclude Include="SoLoud\include\soloud_bassboostfilter.h">
      <Filter>Header Files</Filter>
    </ClInclude>
    <ClInclude Include="SoLoud\include\soloud_biquadresonantfilter.h">
      <Filter>Header Files</Filter>
    </ClInclude>
    <ClInclude Include="SoLoud\include\soloud_bus.h">
      <Filter>Header Files</Filter>
    </ClInclude>
    <ClInclude Include="SoLoud\include\soloud_c.h">
      <Filter>Header Files</Filter>
    </ClInclude>
    <ClInclude Include="SoLoud\include\soloud_dcremovalfilter.h">
      <Filter>Header Files</Filter>
    </ClInclude>
    <ClInclude Include="SoLoud\include\soloud_echofilter.h">
      <Filter>Header Files</Filter>
    </ClInclude>
    <ClInclude Include="SoLoud\include\soloud_error.h">
      <Filter>Header Files</Filter>
    </ClInclude>
    <ClInclude Include="SoLoud\include\soloud_fader.h">
      <Filter>Header Files</Filter>
    </ClInclude>
    <ClInclude Include="SoLoud\include\soloud_fft.h">
      <Filter>Header Files</Filter>
    </ClInclude>
    <ClInclude Include="SoLoud\include\soloud_fftfilter.h">
      <Filter>Header Files</Filter>
    </ClInclude>
    <ClInclude Include="SoLoud\include\soloud_file.h">
      <Filter>Header Files</Filter>
    </ClInclude>
    <ClInclude Include="SoLoud\include\soloud_file_hack_off.h">
      <Filter>Header Files</Filter>
    </ClInclude>
    <ClInclude Include="SoLoud\include\soloud_file_hack_on.h">
      <Filter>Header Files</Filter>
    </ClInclude>
    <ClInclude Include="SoLoud\include\soloud_filter.h">
      <Filter>Header Files</Filter>
    </ClInclude>
    <ClInclude Include="SoLoud\include\soloud_flangerfilter.h">
      <Filter>Header Files</Filter>
    </ClInclude>
    <ClInclude Include="SoLoud\include\soloud_freeverbfilter.h">
      <Filter>Header Files</Filter>
    </ClInclude>
    <ClInclude Include="SoLoud\include\soloud_internal.h">
      <Filter>Header Files</Filter>
    </ClInclude>
    <ClInclude Include="SoLoud\include\soloud_lofifilter.h">
      <Filter>Header Files</Filter>
    </ClInclude>
    <ClInclude Include="SoLoud\include\soloud_misc.h">
      <Filter>Header Files</Filter>
    </ClInclude>
    <ClInclude Include="SoLoud\include\soloud_monotone.h">
      <Filter>Header Files</Filter>
    </ClInclude>
    <ClInclude Include="SoLoud\include\soloud_noise.h">
      <Filter>Header Files</Filter>
    </ClInclude>
    <ClInclude Include="SoLoud\include\soloud_openmpt.h">
      <Filter>Header Files</Filter>
    </ClInclude>
    <ClInclude Include="SoLoud\include\soloud_queue.h">
      <Filter>Header Files</Filter>
    </ClInclude>
    <ClInclude Include="SoLoud\include\soloud_robotizefilter.h">
      <Filter>Header Files</Filter>
    </ClInclude>
    <ClInclude Include="SoLoud\include\soloud_sfxr.h">
      <Filter>Header Files</Filter>
    </ClInclude>
    <ClInclude Include="SoLoud\include\soloud_speech.h">
      <Filter>Header Files</Filter>
    </ClInclude>
    <ClInclude Include="SoLoud\include\soloud_tedsid.h">
      <Filter>Header Files</Filter>
    </ClInclude>
    <ClInclude Include="SoLoud\include\soloud_thread.h">
      <Filter>Header Files</Filter>
    </ClInclude>
    <ClInclude Include="SoLoud\include\soloud_vic.h">
      <Filter>Header Files</Filter>
    </ClInclude>
    <ClInclude Include="SoLoud\include\soloud_vizsn.h">
      <Filter>Header Files</Filter>
    </ClInclude>
    <ClInclude Include="SoLoud\include\soloud_wav.h">
      <Filter>Header Files</Filter>
    </ClInclude>
    <ClInclude Include="SoLoud\include\soloud_waveshaperfilter.h">
      <Filter>Header Files</Filter>
    </ClInclude>
    <ClInclude Include="SoLoud\include\soloud_wavstream.h">
      <Filter>Header Files</Filter>
    </ClInclude>
    <ClInclude Include="MusicManager.h">
      <Filter>Header Files</Filter>
    </ClInclude>
    <ClInclude Include="NatGui.h">
      <Filter>Header Files</Filter>
    </ClInclude>
    <ClInclude Include="AssetManager.h">
      <Filter>Header Files</Filter>
    </ClInclude>
    <ClInclude Include="EventMachine.h">
      <Filter>Header Files</Filter>
    </ClInclude>
    <ClInclude Include="Event.h">
      <Filter>Header Files</Filter>
    </ClInclude>
    <ClInclude Include="EventSource\EventTest.h">
      <Filter>Header Files</Filter>
    </ClInclude>
    <ClInclude Include="TileData.h">
      <Filter>Header Files</Filter>
    </ClInclude>
    <ClInclude Include="Particle.h">
      <Filter>Header Files</Filter>
    </ClInclude>
    <ClInclude Include="stb_image_write.h">
      <Filter>Header Files</Filter>
    </ClInclude>
    <ClInclude Include="DialogueBuilder.h">
      <Filter>Header Files</Filter>
    </ClInclude>
    <ClInclude Include="EventSource\EventIntro.h">
      <Filter>Header Files</Filter>
    </ClInclude>
    <ClInclude Include="EventSource\EventStartH1.h">
      <Filter>Header Files</Filter>
    </ClInclude>
    <ClInclude Include="MenuScene.h">
      <Filter>Header Files</Filter>
    </ClInclude>
    <ClInclude Include="GameState.h">
      <Filter>Header Files</Filter>
    </ClInclude>
  </ItemGroup>
  <ItemGroup>
    <None Include="Shaders\quadAnim.frag" />
    <None Include="Shaders\screenImage.frag" />
    <None Include="Shaders\font.frag" />
    <None Include="Shaders\txtBg.frag" />
    <None Include="Shaders\font.vert" />
    <None Include="Shaders\editFrag.frag" />
    <None Include="Shaders\screenNoSnow.frag" />
    <None Include="Shaders\vertInstance.vert" />
    <None Include="Shaders\natGui.frag" />
    <None Include="Shaders\screenImageCut.frag" />
    <None Include="Shaders\screenCave.frag" />
    <None Include="Shaders\dynamicFrag.frag" />
    <None Include="Shaders\ui.vert" />
    <None Include="Shaders\particle.vert" />
    <None Include="Shaders\particle.frag" />
    <None Include="Shaders\map.frag" />
    <None Include="Shaders\map.vert" />
    <None Include="Shaders\screenSnowFast.frag" />
  </ItemGroup>
  <ItemGroup>
    <Text Include="3DLoader.txt" />
  </ItemGroup>
</Project>